
Microsoft Visual Studio Solution File, Format Version 12.00
# Visual Studio Version 17
VisualStudioVersion = 17.9.34616.47
MinimumVisualStudioVersion = 10.0.40219.1
Project("{FAE04EC0-301F-11D3-BF4B-00C04F79EFBC}") = "MaldLibs_WordGame", "LearningCSharp\MaldLibs_WordGame.csproj", "{01799BC7-2B10-4CEF-8589-33ECD61E256B}"
EndProject
Global
	GlobalSection(SolutionConfigurationPlatforms) = preSolution
		Debug|Any CPU = Debug|Any CPU
		Release|Any CPU = Release|Any CPU
	EndGlobalSection
	GlobalSection(ProjectConfigurationPlatforms) = postSolution
		{01799BC7-2B10-4CEF-8589-33ECD61E256B}.Debug|Any CPU.ActiveCfg = Debug|Any CPU
		{01799BC7-2B10-4CEF-8589-33ECD61E256B}.Debug|Any CPU.Build.0 = Debug|Any CPU
		{01799BC7-2B10-4CEF-8589-33ECD61E256B}.Release|Any CPU.ActiveCfg = Release|Any CPU
		{01799BC7-2B10-4CEF-8589-33ECD61E256B}.Release|Any CPU.Build.0 = Release|Any CPU
	EndGlobalSection
	GlobalSection(SolutionProperties) = preSolution
		HideSolutionNode = FALSE
	EndGlobalSection
	GlobalSection(ExtensibilityGlobals) = postSolution
		SolutionGuid = {1EC905D8-B7D7-498E-A06A-8D9C39C8EA19}
	EndGlobalSection
EndGlobal
